
Microsoft Visual Studio Solution File, Format Version 12.00
# Visual Studio Version 17
VisualStudioVersion = 17.9.34728.123
MinimumVisualStudioVersion = 10.0.40219.1
Project("{9A19103F-16F7-4668-BE54-9A1E7A4F7556}") = "Fotografia", "Fotografia\Fotografia\Fotografia.csproj", "{BCC95423-4C2D-48AD-986C-ADE40852990B}"
EndProject
Project("{9A19103F-16F7-4668-BE54-9A1E7A4F7556}") = "Fotografia.Client", "Fotografia\Fotografia.Client\Fotografia.Client.csproj", "{6F60B511-6B04-4704-80A7-7B2CCF2D5DF4}"
EndProject
Global
	GlobalSection(SolutionConfigurationPlatforms) = preSolution
		Debug|Any CPU = Debug|Any CPU
		Release|Any CPU = Release|Any CPU
	EndGlobalSection
	GlobalSection(ProjectConfigurationPlatforms) = postSolution
		{BCC95423-4C2D-48AD-986C-ADE40852990B}.Debug|Any CPU.ActiveCfg = Debug|Any CPU
		{BCC95423-4C2D-48AD-986C-ADE40852990B}.Debug|Any CPU.Build.0 = Debug|Any CPU
		{BCC95423-4C2D-48AD-986C-ADE40852990B}.Release|Any CPU.ActiveCfg = Release|Any CPU
		{BCC95423-4C2D-48AD-986C-ADE40852990B}.Release|Any CPU.Build.0 = Release|Any CPU
		{6F60B511-6B04-4704-80A7-7B2CCF2D5DF4}.Debug|Any CPU.ActiveCfg = Debug|Any CPU
		{6F60B511-6B04-4704-80A7-7B2CCF2D5DF4}.Debug|Any CPU.Build.0 = Debug|Any CPU
		{6F60B511-6B04-4704-80A7-7B2CCF2D5DF4}.Release|Any CPU.ActiveCfg = Release|Any CPU
		{6F60B511-6B04-4704-80A7-7B2CCF2D5DF4}.Release|Any CPU.Build.0 = Release|Any CPU
	EndGlobalSection
	GlobalSection(SolutionProperties) = preSolution
		HideSolutionNode = FALSE
	EndGlobalSection
	GlobalSection(ExtensibilityGlobals) = postSolution
		SolutionGuid = {EECAA344-3FC8-4F7D-AAA5-CDB6E30BB198}
	EndGlobalSection
EndGlobal
